{
  "version": 4,
  "terraform_version": "1.5.1",
  "serial": 180,
  "lineage": "df434db5-029f-9fd1-768d-9f64c8c62d95",
  "outputs": {},
  "resources": [
    {
      "module": "module.serverpod_production",
      "mode": "managed",
      "type": "google_compute_autoscaler",
      "name": "serverpod",
      "provider": "provider[\"registry.terraform.io/hashicorp/google\"]",
      "instances": [
        {
          "schema_version": 0,
          "attributes": {
            "autoscaling_policy": [
              {
                "cooldown_period": 60,
                "cpu_utilization": [
                  {
                    "predictive_method": "NONE",
                    "target": 0.6
                  }
                ],
                "load_balancing_utilization": [],
                "max_replicas": 2,
                "metric": [],
                "min_replicas": 1,
                "mode": "ON",
                "scale_in_control": [],
                "scaling_schedules": []
              }
            ],
            "creation_timestamp": "2023-07-03T05:25:49.061-07:00",
            "description": "",
            "id": "projects/fluttar/zones/europe-west3-c/autoscalers/serverpod-production-autoscaler",
            "name": "serverpod-production-autoscaler",
            "project": "fluttar",
            "self_link": "https://www.googleapis.com/compute/v1/projects/fluttar/zones/europe-west3-c/autoscalers/serverpod-production-autoscaler",
            "target": "https://www.googleapis.com/compute/v1/projects/fluttar/zones/europe-west3-c/instanceGroupManagers/serverpod-production-group",
            "timeouts": null,
            "zone": "https://www.googleapis.com/compute/v1/projects/fluttar/zones/europe-west3-c"
          },
          "sensitive_attributes": [],
          "private": "eyJlMmJmYjczMC1lY2FhLTExZTYtOGY4OC0zNDM2M2JjN2M0YzAiOnsiY3JlYXRlIjoxMjAwMDAwMDAwMDAwLCJkZWxldGUiOjEyMDAwMDAwMDAwMDAsInVwZGF0ZSI6MTIwMDAwMDAwMDAwMH19",
          "dependencies": [
            "module.serverpod_production.google_compute_health_check.serverpod-instance-group",
            "module.serverpod_production.google_compute_instance_group_manager.serverpod",
            "module.serverpod_production.google_compute_instance_template.serverpod"
          ]
        }
      ]
    },
    {
      "module": "module.serverpod_production",
      "mode": "managed",
      "type": "google_compute_backend_bucket",
      "name": "storage",
      "provider": "provider[\"registry.terraform.io/hashicorp/google\"]",
      "instances": [
        {
          "index_key": 0,
          "schema_version": 0,
          "attributes": {
            "bucket_name": "storage.fluttar.xyz",
            "cdn_policy": [],
            "compression_mode": "",
            "creation_timestamp": "2023-07-03T06:57:46.409-07:00",
            "custom_response_headers": [],
            "description": "",
            "edge_security_policy": "",
            "enable_cdn": false,
            "id": "projects/fluttar/global/backendBuckets/serverpod-production-backend-storage",
            "name": "serverpod-production-backend-storage",
            "project": "fluttar",
            "self_link": "https://www.googleapis.com/compute/v1/projects/fluttar/global/backendBuckets/serverpod-production-backend-storage",
            "timeouts": null
          },
          "sensitive_attributes": [],
          "private": "eyJlMmJmYjczMC1lY2FhLTExZTYtOGY4OC0zNDM2M2JjN2M0YzAiOnsiY3JlYXRlIjoxMjAwMDAwMDAwMDAwLCJkZWxldGUiOjEyMDAwMDAwMDAwMDAsInVwZGF0ZSI6MTIwMDAwMDAwMDAwMH19",
          "dependencies": [
            "module.serverpod_production.google_storage_bucket.public"
          ]
        }
      ]
    },
    {
      "module": "module.serverpod_production",
      "mode": "managed",
      "type": "google_compute_backend_service",
      "name": "api",
      "provider": "provider[\"registry.terraform.io/hashicorp/google\"]",
      "instances": [
        {
          "schema_version": 1,
          "attributes": {
            "affinity_cookie_ttl_sec": 0,
            "backend": [
              {
                "balancing_mode": "UTILIZATION",
                "capacity_scaler": 1,
                "description": "",
                "group": "https://www.googleapis.com/compute/v1/projects/fluttar/zones/europe-west3-c/instanceGroups/serverpod-production-group",
                "max_connections": 0,
                "max_connections_per_endpoint": 0,
                "max_connections_per_instance": 0,
                "max_rate": 0,
                "max_rate_per_endpoint": 0,
                "max_rate_per_instance": 0,
                "max_utilization": 1
              }
            ],
            "cdn_policy": [],
            "circuit_breakers": [],
            "compression_mode": "",
            "connection_draining_timeout_sec": 300,
            "consistent_hash": [],
            "creation_timestamp": "2023-07-03T05:25:51.008-07:00",
            "custom_request_headers": [],
            "custom_response_headers": [],
            "description": "",
            "edge_security_policy": "",
            "enable_cdn": false,
            "fingerprint": "RIDDe9rnauQ=",
            "generated_id": 4379335862862676128,
            "health_checks": [
              "https://www.googleapis.com/compute/v1/projects/fluttar/global/healthChecks/serverpod-production-health-check"
            ],
            "iap": [],
            "id": "projects/fluttar/global/backendServices/serverpod-production-backend-api",
            "load_balancing_scheme": "EXTERNAL",
            "locality_lb_policy": "",
            "log_config": [
              {
                "enable": false,
                "sample_rate": 0
              }
            ],
            "name": "serverpod-production-backend-api",
            "outlier_detection": [],
            "port_name": "api",
            "project": "fluttar",
            "protocol": "HTTP",
            "security_policy": "",
            "security_settings": [],
            "self_link": "https://www.googleapis.com/compute/v1/projects/fluttar/global/backendServices/serverpod-production-backend-api",
            "session_affinity": "NONE",
            "timeout_sec": 1800,
            "timeouts": null
          },
          "sensitive_attributes": [],
          "private": "eyJlMmJmYjczMC1lY2FhLTExZTYtOGY4OC0zNDM2M2JjN2M0YzAiOnsiY3JlYXRlIjoxMjAwMDAwMDAwMDAwLCJkZWxldGUiOjEyMDAwMDAwMDAwMDAsInVwZGF0ZSI6MTIwMDAwMDAwMDAwMH0sInNjaGVtYV92ZXJzaW9uIjoiMSJ9",
          "dependencies": [
            "module.serverpod_production.google_compute_health_check.serverpod-balancer",
            "module.serverpod_production.google_compute_health_check.serverpod-instance-group",
            "module.serverpod_production.google_compute_instance_group_manager.serverpod",
            "module.serverpod_production.google_compute_instance_template.serverpod",
            "module.serverpod_production.google_compute_network.serverpod"
          ]
        }
      ]
    },
    {
      "module": "module.serverpod_production",
      "mode": "managed",
      "type": "google_compute_backend_service",
      "name": "insights",
      "provider": "provider[\"registry.terraform.io/hashicorp/google\"]",
      "instances": [
        {
          "schema_version": 1,
          "attributes": {
            "affinity_cookie_ttl_sec": 0,
            "backend": [
              {
                "balancing_mode": "UTILIZATION",
                "capacity_scaler": 1,
                "description": "",
                "group": "https://www.googleapis.com/compute/v1/projects/fluttar/zones/europe-west3-c/instanceGroups/serverpod-production-group",
                "max_connections": 0,
                "max_connections_per_endpoint": 0,
                "max_connections_per_instance": 0,
                "max_rate": 0,
                "max_rate_per_endpoint": 0,
                "max_rate_per_instance": 0,
                "max_utilization": 1
              }
            ],
            "cdn_policy": [],
            "circuit_breakers": [],
            "compression_mode": "",
            "connection_draining_timeout_sec": 300,
            "consistent_hash": [],
            "creation_timestamp": "2023-07-03T05:25:50.132-07:00",
            "custom_request_headers": [],
            "custom_response_headers": [],
            "description": "",
            "edge_security_policy": "",
            "enable_cdn": false,
            "fingerprint": "PIQoy5SiZfo=",
            "generated_id": 6481048911972597921,
            "health_checks": [
              "https://www.googleapis.com/compute/v1/projects/fluttar/global/healthChecks/serverpod-production-health-check"
            ],
            "iap": [],
            "id": "projects/fluttar/global/backendServices/serverpod-production-backend-insights",
            "load_balancing_scheme": "EXTERNAL",
            "locality_lb_policy": "",
            "log_config": [
              {
                "enable": false,
                "sample_rate": 0
              }
            ],
            "name": "serverpod-production-backend-insights",
            "outlier_detection": [],
            "port_name": "insights",
            "project": "fluttar",
            "protocol": "HTTP",
            "security_policy": "",
            "security_settings": [],
            "self_link": "https://www.googleapis.com/compute/v1/projects/fluttar/global/backendServices/serverpod-production-backend-insights",
            "session_affinity": "NONE",
            "timeout_sec": 30,
            "timeouts": null
          },
          "sensitive_attributes": [],
          "private": "eyJlMmJmYjczMC1lY2FhLTExZTYtOGY4OC0zNDM2M2JjN2M0YzAiOnsiY3JlYXRlIjoxMjAwMDAwMDAwMDAwLCJkZWxldGUiOjEyMDAwMDAwMDAwMDAsInVwZGF0ZSI6MTIwMDAwMDAwMDAwMH0sInNjaGVtYV92ZXJzaW9uIjoiMSJ9",
          "dependencies": [
            "module.serverpod_production.google_compute_health_check.serverpod-balancer",
            "module.serverpod_production.google_compute_health_check.serverpod-instance-group",
            "module.serverpod_production.google_compute_instance_group_manager.serverpod",
            "module.serverpod_production.google_compute_instance_template.serverpod",
            "module.serverpod_production.google_compute_network.serverpod"
          ]
        }
      ]
    },
    {
      "module": "module.serverpod_production",
      "mode": "managed",
      "type": "google_compute_backend_service",
      "name": "web",
      "provider": "provider[\"registry.terraform.io/hashicorp/google\"]",
      "instances": [
        {
          "schema_version": 1,
          "attributes": {
            "affinity_cookie_ttl_sec": 0,
            "backend": [
              {
                "balancing_mode": "UTILIZATION",
                "capacity_scaler": 1,
                "description": "",
                "group": "https://www.googleapis.com/compute/v1/projects/fluttar/zones/europe-west3-c/instanceGroups/serverpod-production-group",
                "max_connections": 0,
                "max_connections_per_endpoint": 0,
                "max_connections_per_instance": 0,
                "max_rate": 0,
                "max_rate_per_endpoint": 0,
                "max_rate_per_instance": 0,
                "max_utilization": 1
              }
            ],
            "cdn_policy": [
              {
                "cache_key_policy": [
                  {
                    "include_host": true,
                    "include_http_headers": [],
                    "include_named_cookies": [],
                    "include_protocol": true,
                    "include_query_string": true,
                    "query_string_blacklist": [],
                    "query_string_whitelist": []
                  }
                ],
                "cache_mode": "CACHE_ALL_STATIC",
                "client_ttl": 3600,
                "default_ttl": 3600,
                "max_ttl": 86400,
                "negative_caching": true,
                "negative_caching_policy": [],
                "serve_while_stale": 86400,
                "signed_url_cache_max_age_sec": 0
              }
            ],
            "circuit_breakers": [],
            "compression_mode": "",
            "connection_draining_timeout_sec": 300,
            "consistent_hash": [],
            "creation_timestamp": "2023-07-03T05:25:51.048-07:00",
            "custom_request_headers": [],
            "custom_response_headers": [],
            "description": "",
            "edge_security_policy": "",
            "enable_cdn": true,
            "fingerprint": "qTqnIsQvVyo=",
            "generated_id": 2689715399566491808,
            "health_checks": [
              "https://www.googleapis.com/compute/v1/projects/fluttar/global/healthChecks/serverpod-production-health-check"
            ],
            "iap": [],
            "id": "projects/fluttar/global/backendServices/serverpod-production-backend-web",
            "load_balancing_scheme": "EXTERNAL",
            "locality_lb_policy": "",
            "log_config": [
              {
                "enable": false,
                "sample_rate": 0
              }
            ],
            "name": "serverpod-production-backend-web",
            "outlier_detection": [],
            "port_name": "web",
            "project": "fluttar",
            "protocol": "HTTP",
            "security_policy": "",
            "security_settings": [],
            "self_link": "https://www.googleapis.com/compute/v1/projects/fluttar/global/backendServices/serverpod-production-backend-web",
            "session_affinity": "NONE",
            "timeout_sec": 30,
            "timeouts": null
          },
          "sensitive_attributes": [],
          "private": "eyJlMmJmYjczMC1lY2FhLTExZTYtOGY4OC0zNDM2M2JjN2M0YzAiOnsiY3JlYXRlIjoxMjAwMDAwMDAwMDAwLCJkZWxldGUiOjEyMDAwMDAwMDAwMDAsInVwZGF0ZSI6MTIwMDAwMDAwMDAwMH0sInNjaGVtYV92ZXJzaW9uIjoiMSJ9",
          "dependencies": [
            "module.serverpod_production.google_compute_health_check.serverpod-balancer",
            "module.serverpod_production.google_compute_health_check.serverpod-instance-group",
            "module.serverpod_production.google_compute_instance_group_manager.serverpod",
            "module.serverpod_production.google_compute_instance_template.serverpod",
            "module.serverpod_production.google_compute_network.serverpod"
          ]
        }
      ]
    },
    {
      "module": "module.serverpod_production",
      "mode": "managed",
      "type": "google_compute_firewall",
      "name": "serverpod-instance",
      "provider": "provider[\"registry.terraform.io/hashicorp/google\"]",
      "instances": [
        {
          "schema_version": 1,
          "attributes": {
            "allow": [
              {
                "ports": [
                  "8080-8082"
                ],
                "protocol": "tcp"
              }
            ],
            "creation_timestamp": "2023-07-03T05:24:50.903-07:00",
            "deny": [],
            "description": "",
            "destination_ranges": [],
            "direction": "INGRESS",
            "disabled": false,
            "enable_logging": null,
            "id": "projects/fluttar/global/firewalls/serverpod-production-instance",
            "log_config": [],
            "name": "serverpod-production-instance",
            "network": "https://www.googleapis.com/compute/v1/projects/fluttar/global/networks/serverpod-production-network",
            "priority": 1000,
            "project": "fluttar",
            "self_link": "https://www.googleapis.com/compute/v1/projects/fluttar/global/firewalls/serverpod-production-instance",
            "source_ranges": [
              "130.211.0.0/22",
              "35.191.0.0/16"
            ],
            "source_service_accounts": [],
            "source_tags": [],
            "target_service_accounts": [],
            "target_tags": [
              "serverpod-production-instance"
            ],
            "timeouts": null
          },
          "sensitive_attributes": [],
          "private": "eyJlMmJmYjczMC1lY2FhLTExZTYtOGY4OC0zNDM2M2JjN2M0YzAiOnsiY3JlYXRlIjoxMjAwMDAwMDAwMDAwLCJkZWxldGUiOjEyMDAwMDAwMDAwMDAsInVwZGF0ZSI6MTIwMDAwMDAwMDAwMH0sInNjaGVtYV92ZXJzaW9uIjoiMSJ9",
          "dependencies": [
            "module.serverpod_production.google_compute_network.serverpod"
          ]
        }
      ]
    },
    {
      "module": "module.serverpod_production",
      "mode": "managed",
      "type": "google_compute_firewall",
      "name": "serverpod-instance-ssh",
      "provider": "provider[\"registry.terraform.io/hashicorp/google\"]",
      "instances": [
        {
          "index_key": 0,
          "schema_version": 1,
          "attributes": {
            "allow": [
              {
                "ports": [
                  "22"
                ],
                "protocol": "tcp"
              }
            ],
            "creation_timestamp": "2023-07-03T05:24:58.417-07:00",
            "deny": [],
            "description": "",
            "destination_ranges": [],
            "direction": "INGRESS",
            "disabled": false,
            "enable_logging": null,
            "id": "projects/fluttar/global/firewalls/serverpod-production-instance-ssh",
            "log_config": [],
            "name": "serverpod-production-instance-ssh",
            "network": "https://www.googleapis.com/compute/v1/projects/fluttar/global/networks/serverpod-production-network",
            "priority": 1000,
            "project": "fluttar",
            "self_link": "https://www.googleapis.com/compute/v1/projects/fluttar/global/firewalls/serverpod-production-instance-ssh",
            "source_ranges": [
              "0.0.0.0/0"
            ],
            "source_service_accounts": [],
            "source_tags": [],
            "target_service_accounts": [],
            "target_tags": [
              "serverpod-production-instance-ssh"
            ],
            "timeouts": null
          },
          "sensitive_attributes": [],
          "private": "eyJlMmJmYjczMC1lY2FhLTExZTYtOGY4OC0zNDM2M2JjN2M0YzAiOnsiY3JlYXRlIjoxMjAwMDAwMDAwMDAwLCJkZWxldGUiOjEyMDAwMDAwMDAwMDAsInVwZGF0ZSI6MTIwMDAwMDAwMDAwMH0sInNjaGVtYV92ZXJzaW9uIjoiMSJ9",
          "dependencies": [
            "module.serverpod_production.google_compute_network.serverpod"
          ]
        }
      ]
    },
    {
      "module": "module.serverpod_production",
      "mode": "managed",
      "type": "google_compute_global_address",
      "name": "private-ip",
      "provider": "provider[\"registry.terraform.io/hashicorp/google\"]",
      "instances": [
        {
          "schema_version": 0,
          "attributes": {
            "address": "10.44.0.0",
            "address_type": "INTERNAL",
            "creation_timestamp": "2023-07-03T05:50:50.930-07:00",
            "description": "",
            "id": "projects/fluttar/global/addresses/serverpod-production-private-ip",
            "ip_version": "",
            "name": "serverpod-production-private-ip",
            "network": "https://www.googleapis.com/compute/v1/projects/fluttar/global/networks/serverpod-production-network",
            "prefix_length": 16,
            "project": "fluttar",
            "purpose": "VPC_PEERING",
            "self_link": "https://www.googleapis.com/compute/v1/projects/fluttar/global/addresses/serverpod-production-private-ip",
            "timeouts": null
          },
          "sensitive_attributes": [],
          "private": "eyJlMmJmYjczMC1lY2FhLTExZTYtOGY4OC0zNDM2M2JjN2M0YzAiOnsiY3JlYXRlIjoxMjAwMDAwMDAwMDAwLCJkZWxldGUiOjEyMDAwMDAwMDAwMDB9fQ==",
          "dependencies": [
            "module.serverpod_production.google_compute_network.serverpod"
          ]
        }
      ]
    },
    {
      "module": "module.serverpod_production",
      "mode": "managed",
      "type": "google_compute_global_forwarding_rule",
      "name": "api",
      "provider": "provider[\"registry.terraform.io/hashicorp/google\"]",
      "instances": [
        {
          "schema_version": 0,
          "attributes": {
            "description": "",
            "id": "projects/fluttar/global/forwardingRules/serverpod-production-api",
            "ip_address": "34.111.251.252",
            "ip_protocol": "TCP",
            "ip_version": "",
            "label_fingerprint": "42WmSpB8rSM=",
            "labels": {},
            "load_balancing_scheme": "EXTERNAL",
            "metadata_filters": [],
            "name": "serverpod-production-api",
            "network": "",
            "port_range": "443",
            "project": "fluttar",
            "psc_connection_id": "",
            "psc_connection_status": "",
            "self_link": "https://www.googleapis.com/compute/v1/projects/fluttar/global/forwardingRules/serverpod-production-api",
            "target": "https://www.googleapis.com/compute/v1/projects/fluttar/global/targetHttpsProxies/serverpod-production-proxy-api",
            "timeouts": null
          },
          "sensitive_attributes": [],
          "private": "eyJlMmJmYjczMC1lY2FhLTExZTYtOGY4OC0zNDM2M2JjN2M0YzAiOnsiY3JlYXRlIjoxMjAwMDAwMDAwMDAwLCJkZWxldGUiOjEyMDAwMDAwMDAwMDAsInVwZGF0ZSI6MTIwMDAwMDAwMDAwMH19",
          "dependencies": [
            "module.serverpod_production.google_compute_backend_bucket.storage",
            "module.serverpod_production.google_compute_backend_service.api",
            "module.serverpod_production.google_compute_backend_service.insights",
            "module.serverpod_production.google_compute_backend_service.web",
            "module.serverpod_production.google_compute_health_check.serverpod-balancer",
            "module.serverpod_production.google_compute_health_check.serverpod-instance-group",
            "module.serverpod_production.google_compute_instance_group_manager.serverpod",
            "module.serverpod_production.google_compute_instance_template.serverpod",
            "module.serverpod_production.google_compute_managed_ssl_certificate.api",
            "module.serverpod_production.google_compute_network.serverpod",
            "module.serverpod_production.google_compute_target_https_proxy.api",
            "module.serverpod_production.google_compute_url_map.serverpod",
            "module.serverpod_production.google_storage_bucket.public"
          ]
        }
      ]
    },
    {
      "module": "module.serverpod_production",
      "mode": "managed",
      "type": "google_compute_global_forwarding_rule",
      "name": "insights",
      "provider": "provider[\"registry.terraform.io/hashicorp/google\"]",
      "instances": [
        {
          "schema_version": 0,
          "attributes": {
            "description": "",
            "id": "projects/fluttar/global/forwardingRules/serverpod-production-insights",
            "ip_address": "35.241.32.165",
            "ip_protocol": "TCP",
            "ip_version": "",
            "label_fingerprint": "42WmSpB8rSM=",
            "labels": {},
            "load_balancing_scheme": "EXTERNAL",
            "metadata_filters": [],
            "name": "serverpod-production-insights",
            "network": "",
            "port_range": "443",
            "project": "fluttar",
            "psc_connection_id": "",
            "psc_connection_status": "",
            "self_link": "https://www.googleapis.com/compute/v1/projects/fluttar/global/forwardingRules/serverpod-production-insights",
            "target": "https://www.googleapis.com/compute/v1/projects/fluttar/global/targetHttpsProxies/serverpod-production-proxy-insights",
            "timeouts": null
          },
          "sensitive_attributes": [],
          "private": "eyJlMmJmYjczMC1lY2FhLTExZTYtOGY4OC0zNDM2M2JjN2M0YzAiOnsiY3JlYXRlIjoxMjAwMDAwMDAwMDAwLCJkZWxldGUiOjEyMDAwMDAwMDAwMDAsInVwZGF0ZSI6MTIwMDAwMDAwMDAwMH19",
          "dependencies": [
            "module.serverpod_production.google_compute_backend_bucket.storage",
            "module.serverpod_production.google_compute_backend_service.api",
            "module.serverpod_production.google_compute_backend_service.insights",
            "module.serverpod_production.google_compute_backend_service.web",
            "module.serverpod_production.google_compute_health_check.serverpod-balancer",
            "module.serverpod_production.google_compute_health_check.serverpod-instance-group",
            "module.serverpod_production.google_compute_instance_group_manager.serverpod",
            "module.serverpod_production.google_compute_instance_template.serverpod",
            "module.serverpod_production.google_compute_managed_ssl_certificate.insights",
            "module.serverpod_production.google_compute_network.serverpod",
            "module.serverpod_production.google_compute_target_https_proxy.insights",
            "module.serverpod_production.google_compute_url_map.serverpod",
            "module.serverpod_production.google_storage_bucket.public"
          ]
        }
      ]
    },
    {
      "module": "module.serverpod_production",
      "mode": "managed",
      "type": "google_compute_global_forwarding_rule",
      "name": "storage",
      "provider": "provider[\"registry.terraform.io/hashicorp/google\"]",
      "instances": [
        {
          "index_key": 0,
          "schema_version": 0,
          "attributes": {
            "description": "",
            "id": "projects/fluttar/global/forwardingRules/serverpod-production-storage",
            "ip_address": "34.36.69.173",
            "ip_protocol": "TCP",
            "ip_version": "",
            "label_fingerprint": "42WmSpB8rSM=",
            "labels": {},
            "load_balancing_scheme": "EXTERNAL",
            "metadata_filters": [],
            "name": "serverpod-production-storage",
            "network": "",
            "port_range": "443",
            "project": "fluttar",
            "psc_connection_id": "",
            "psc_connection_status": "",
            "self_link": "https://www.googleapis.com/compute/v1/projects/fluttar/global/forwardingRules/serverpod-production-storage",
            "target": "https://www.googleapis.com/compute/v1/projects/fluttar/global/targetHttpsProxies/serverpod-production-proxy-storage",
            "timeouts": null
          },
          "sensitive_attributes": [],
          "private": "eyJlMmJmYjczMC1lY2FhLTExZTYtOGY4OC0zNDM2M2JjN2M0YzAiOnsiY3JlYXRlIjoxMjAwMDAwMDAwMDAwLCJkZWxldGUiOjEyMDAwMDAwMDAwMDAsInVwZGF0ZSI6MTIwMDAwMDAwMDAwMH19",
          "dependencies": [
            "module.serverpod_production.google_compute_backend_bucket.storage",
            "module.serverpod_production.google_compute_backend_service.api",
            "module.serverpod_production.google_compute_backend_service.insights",
            "module.serverpod_production.google_compute_backend_service.web",
            "module.serverpod_production.google_compute_health_check.serverpod-balancer",
            "module.serverpod_production.google_compute_health_check.serverpod-instance-group",
            "module.serverpod_production.google_compute_instance_group_manager.serverpod",
            "module.serverpod_production.google_compute_instance_template.serverpod",
            "module.serverpod_production.google_compute_managed_ssl_certificate.storage",
            "module.serverpod_production.google_compute_network.serverpod",
            "module.serverpod_production.google_compute_target_https_proxy.storage",
            "module.serverpod_production.google_compute_url_map.serverpod",
            "module.serverpod_production.google_storage_bucket.public"
          ]
        }
      ]
    },
    {
      "module": "module.serverpod_production",
      "mode": "managed",
      "type": "google_compute_global_forwarding_rule",
      "name": "web",
      "provider": "provider[\"registry.terraform.io/hashicorp/google\"]",
      "instances": [
        {
          "schema_version": 0,
          "attributes": {
            "description": "",
            "id": "projects/fluttar/global/forwardingRules/serverpod-production-web",
            "ip_address": "34.110.206.136",
            "ip_protocol": "TCP",
            "ip_version": "",
            "label_fingerprint": "42WmSpB8rSM=",
            "labels": {},
            "load_balancing_scheme": "EXTERNAL",
            "metadata_filters": [],
            "name": "serverpod-production-web",
            "network": "",
            "port_range": "443",
            "project": "fluttar",
            "psc_connection_id": "",
            "psc_connection_status": "",
            "self_link": "https://www.googleapis.com/compute/v1/projects/fluttar/global/forwardingRules/serverpod-production-web",
            "target": "https://www.googleapis.com/compute/v1/projects/fluttar/global/targetHttpsProxies/serverpod-production-proxy-web",
            "timeouts": null
          },
          "sensitive_attributes": [],
          "private": "eyJlMmJmYjczMC1lY2FhLTExZTYtOGY4OC0zNDM2M2JjN2M0YzAiOnsiY3JlYXRlIjoxMjAwMDAwMDAwMDAwLCJkZWxldGUiOjEyMDAwMDAwMDAwMDAsInVwZGF0ZSI6MTIwMDAwMDAwMDAwMH19",
          "dependencies": [
            "module.serverpod_production.google_compute_backend_bucket.storage",
            "module.serverpod_production.google_compute_backend_service.api",
            "module.serverpod_production.google_compute_backend_service.insights",
            "module.serverpod_production.google_compute_backend_service.web",
            "module.serverpod_production.google_compute_health_check.serverpod-balancer",
            "module.serverpod_production.google_compute_health_check.serverpod-instance-group",
            "module.serverpod_production.google_compute_instance_group_manager.serverpod",
            "module.serverpod_production.google_compute_instance_template.serverpod",
            "module.serverpod_production.google_compute_managed_ssl_certificate.web",
            "module.serverpod_production.google_compute_managed_ssl_certificate.web-top-domain",
            "module.serverpod_production.google_compute_network.serverpod",
            "module.serverpod_production.google_compute_target_https_proxy.web",
            "module.serverpod_production.google_compute_url_map.serverpod",
            "module.serverpod_production.google_storage_bucket.public"
          ]
        }
      ]
    },
    {
      "module": "module.serverpod_production",
      "mode": "managed",
      "type": "google_compute_health_check",
      "name": "serverpod-balancer",
      "provider": "provider[\"registry.terraform.io/hashicorp/google\"]",
      "instances": [
        {
          "schema_version": 0,
          "attributes": {
            "check_interval_sec": 5,
            "creation_timestamp": "2023-07-03T05:24:54.889-07:00",
            "description": "",
            "grpc_health_check": [],
            "healthy_threshold": 2,
            "http2_health_check": [],
            "http_health_check": [],
            "https_health_check": [],
            "id": "projects/fluttar/global/healthChecks/serverpod-production-health-check",
            "log_config": [
              {
                "enable": false
              }
            ],
            "name": "serverpod-production-health-check",
            "project": "fluttar",
            "self_link": "https://www.googleapis.com/compute/v1/projects/fluttar/global/healthChecks/serverpod-production-health-check",
            "ssl_health_check": [],
            "tcp_health_check": [
              {
                "port": 8080,
                "port_name": "",
                "port_specification": "",
                "proxy_header": "NONE",
                "request": "",
                "response": ""
              }
            ],
            "timeout_sec": 5,
            "timeouts": null,
            "type": "TCP",
            "unhealthy_threshold": 2
          },
          "sensitive_attributes": [],
          "private": "eyJlMmJmYjczMC1lY2FhLTExZTYtOGY4OC0zNDM2M2JjN2M0YzAiOnsiY3JlYXRlIjoxMjAwMDAwMDAwMDAwLCJkZWxldGUiOjEyMDAwMDAwMDAwMDAsInVwZGF0ZSI6MTIwMDAwMDAwMDAwMH19"
        }
      ]
    },
    {
      "module": "module.serverpod_production",
      "mode": "managed",
      "type": "google_compute_health_check",
      "name": "serverpod-instance-group",
      "provider": "provider[\"registry.terraform.io/hashicorp/google\"]",
      "instances": [
        {
          "schema_version": 0,
          "attributes": {
            "check_interval_sec": 30,
            "creation_timestamp": "2023-07-03T05:24:58.297-07:00",
            "description": "",
            "grpc_health_check": [],
            "healthy_threshold": 2,
            "http2_health_check": [],
            "http_health_check": [],
            "https_health_check": [],
            "id": "projects/fluttar/global/healthChecks/serverpod-production-group-health-check",
            "log_config": [
              {
                "enable": false
              }
            ],
            "name": "serverpod-production-group-health-check",
            "project": "fluttar",
            "self_link": "https://www.googleapis.com/compute/v1/projects/fluttar/global/healthChecks/serverpod-production-group-health-check",
            "ssl_health_check": [],
            "tcp_health_check": [
              {
                "port": 8080,
                "port_name": "",
                "port_specification": "",
                "proxy_header": "NONE",
                "request": "",
                "response": ""
              }
            ],
            "timeout_sec": 5,
            "timeouts": null,
            "type": "TCP",
            "unhealthy_threshold": 3
          },
          "sensitive_attributes": [],
          "private": "eyJlMmJmYjczMC1lY2FhLTExZTYtOGY4OC0zNDM2M2JjN2M0YzAiOnsiY3JlYXRlIjoxMjAwMDAwMDAwMDAwLCJkZWxldGUiOjEyMDAwMDAwMDAwMDAsInVwZGF0ZSI6MTIwMDAwMDAwMDAwMH19"
        }
      ]
    },
    {
      "module": "module.serverpod_production",
      "mode": "managed",
      "type": "google_compute_instance_group_manager",
      "name": "serverpod",
      "provider": "provider[\"registry.terraform.io/hashicorp/google\"]",
      "instances": [
        {
          "schema_version": 0,
          "attributes": {
            "auto_healing_policies": [
              {
                "health_check": "https://www.googleapis.com/compute/v1/projects/fluttar/global/healthChecks/serverpod-production-group-health-check",
                "initial_delay_sec": 300
              }
            ],
            "base_instance_name": "serverpod-production",
            "description": "",
            "fingerprint": "7w2I1I593eg=",
            "id": "projects/fluttar/zones/europe-west3-c/instanceGroupManagers/serverpod-production-group",
            "instance_group": "https://www.googleapis.com/compute/v1/projects/fluttar/zones/europe-west3-c/instanceGroups/serverpod-production-group",
            "list_managed_instances_results": "PAGELESS",
            "name": "serverpod-production-group",
            "named_port": [
              {
                "name": "api",
                "port": 8080
              },
              {
                "name": "insights",
                "port": 8081
              },
              {
                "name": "web",
                "port": 8082
              }
            ],
            "operation": null,
            "project": "fluttar",
            "self_link": "https://www.googleapis.com/compute/v1/projects/fluttar/zones/europe-west3-c/instanceGroupManagers/serverpod-production-group",
            "stateful_disk": [],
            "status": [
              {
                "is_stable": false,
                "stateful": [
                  {
                    "has_stateful_config": false,
                    "per_instance_configs": [
                      {
                        "all_effective": true
                      }
                    ]
                  }
                ],
                "version_target": [
                  {
                    "is_reached": false
                  }
                ]
              }
            ],
            "target_pools": [],
            "target_size": 1,
            "timeouts": null,
            "update_policy": [
              {
                "max_surge_fixed": 1,
                "max_surge_percent": 0,
                "max_unavailable_fixed": 1,
                "max_unavailable_percent": 0,
                "minimal_action": "REPLACE",
                "most_disruptive_allowed_action": "",
                "replacement_method": "SUBSTITUTE",
                "type": "PROACTIVE"
              }
            ],
            "version": [
              {
                "instance_template": "https://www.googleapis.com/compute/v1/projects/fluttar/global/instanceTemplates/serverpod-production-template",
                "name": "",
                "target_size": []
              }
            ],
            "wait_for_instances": false,
            "wait_for_instances_status": "STABLE",
            "zone": "europe-west3-c"
          },
          "sensitive_attributes": [],
          "private": "eyJlMmJmYjczMC1lY2FhLTExZTYtOGY4OC0zNDM2M2JjN2M0YzAiOnsiY3JlYXRlIjo5MDAwMDAwMDAwMDAsImRlbGV0ZSI6OTAwMDAwMDAwMDAwLCJ1cGRhdGUiOjkwMDAwMDAwMDAwMH19",
          "dependencies": [
            "module.serverpod_production.google_compute_health_check.serverpod-instance-group",
            "module.serverpod_production.google_compute_instance_template.serverpod"
          ]
        }
      ]
    },
    {
      "module": "module.serverpod_production",
      "mode": "managed",
      "type": "google_compute_instance_template",
      "name": "serverpod",
      "provider": "provider[\"registry.terraform.io/hashicorp/google\"]",
      "instances": [
        {
          "schema_version": 1,
          "attributes": {
            "advanced_machine_features": [],
            "can_ip_forward": false,
            "confidential_instance_config": [],
            "description": "Instance template for Serverpod's Docker container.",
            "disk": [
              {
                "auto_delete": true,
                "boot": true,
                "device_name": "persistent-disk-0",
                "disk_encryption_key": [],
                "disk_name": "",
                "disk_size_gb": 0,
                "disk_type": "pd-standard",
                "interface": "SCSI",
                "labels": {},
                "mode": "READ_WRITE",
                "resource_policies": [],
                "source": "",
                "source_image": "projects/cos-cloud/global/images/family/cos-stable",
                "source_image_encryption_key": [],
                "source_snapshot": "",
                "source_snapshot_encryption_key": [],
                "type": "PERSISTENT"
              }
            ],
            "guest_accelerator": [],
            "id": "projects/fluttar/global/instanceTemplates/serverpod-production-template",
            "instance_description": "",
            "labels": null,
            "machine_type": "e2-micro",
            "metadata": {},
            "metadata_fingerprint": "IzlOWfv8zCI=",
            "metadata_startup_script": "#!/bin/bash\nuseradd serverpod-user\nusermod -aG docker serverpod-user\ncd /home/serverpod-user\nsudo -u serverpod-user docker-credential-gcr configure-docker --registries europe-west3-docker.pkg.dev\nsudo -u serverpod-user docker run -p 8080-8082:8080-8082 -e runmode=production -e serverid=$(hostname) europe-west3-docker.pkg.dev/fluttar/serverpod-production-container/serverpod:latest\n",
            "min_cpu_platform": "",
            "name": "serverpod-production-template",
            "name_prefix": null,
            "network_interface": [
              {
                "access_config": [
                  {
                    "nat_ip": "",
                    "network_tier": "PREMIUM",
                    "public_ptr_domain_name": ""
                  }
                ],
                "alias_ip_range": [],
                "ipv6_access_config": [],
                "ipv6_access_type": "",
                "name": "nic0",
                "network": "https://www.googleapis.com/compute/v1/projects/fluttar/global/networks/serverpod-production-network",
                "network_ip": "",
                "nic_type": "",
                "queue_count": 0,
                "stack_type": "",
                "subnetwork": "",
                "subnetwork_project": ""
              }
            ],
            "project": "fluttar",
            "region": null,
            "reservation_affinity": [],
            "scheduling": [
              {
                "automatic_restart": true,
                "instance_termination_action": "",
                "min_node_cpus": 0,
                "node_affinities": [],
                "on_host_maintenance": "MIGRATE",
                "preemptible": false,
                "provisioning_model": "STANDARD"
              }
            ],
            "self_link": "https://www.googleapis.com/compute/v1/projects/fluttar/global/instanceTemplates/serverpod-production-template",
            "service_account": [
              {
                "email": "serverpod-deployment@fluttar.iam.gserviceaccount.com",
                "scopes": [
                  "https://www.googleapis.com/auth/cloud-platform"
                ]
              }
            ],
            "shielded_instance_config": [],
            "tags": [
              "serverpod-production-instance",
              "serverpod-production-instance-ssh"
            ],
            "tags_fingerprint": "",
            "timeouts": null
          },
          "sensitive_attributes": [],
          "private": "eyJlMmJmYjczMC1lY2FhLTExZTYtOGY4OC0zNDM2M2JjN2M0YzAiOnsiY3JlYXRlIjoyNDAwMDAwMDAwMDAsImRlbGV0ZSI6MjQwMDAwMDAwMDAwfSwic2NoZW1hX3ZlcnNpb24iOiIxIn0=",
          "dependencies": [
            "module.serverpod_production.google_compute_network.serverpod"
          ]
        }
      ]
    },
    {
      "module": "module.serverpod_production",
      "mode": "managed",
      "type": "google_compute_managed_ssl_certificate",
      "name": "api",
      "provider": "provider[\"registry.terraform.io/hashicorp/google\"]",
      "instances": [
        {
          "schema_version": 0,
          "attributes": {
            "certificate_id": 7093994260404306172,
            "creation_timestamp": "2023-07-03T05:24:51.395-07:00",
            "description": "",
            "expire_time": "2023-10-01T06:42:19.000-07:00",
            "id": "projects/fluttar/global/sslCertificates/serverpod-production-api-certificate",
            "managed": [
              {
                "domains": [
                  "api.fluttar.xyz"
                ]
              }
            ],
            "name": "serverpod-production-api-certificate",
            "project": "fluttar",
            "self_link": "https://www.googleapis.com/compute/v1/projects/fluttar/global/sslCertificates/serverpod-production-api-certificate",
            "subject_alternative_names": [
              "api.fluttar.xyz"
            ],
            "timeouts": null,
            "type": "MANAGED"
          },
          "sensitive_attributes": [],
          "private": "eyJlMmJmYjczMC1lY2FhLTExZTYtOGY4OC0zNDM2M2JjN2M0YzAiOnsiY3JlYXRlIjoxODAwMDAwMDAwMDAwLCJkZWxldGUiOjE4MDAwMDAwMDAwMDB9fQ=="
        }
      ]
    },
    {
      "module": "module.serverpod_production",
      "mode": "managed",
      "type": "google_compute_managed_ssl_certificate",
      "name": "insights",
      "provider": "provider[\"registry.terraform.io/hashicorp/google\"]",
      "instances": [
        {
          "schema_version": 0,
          "attributes": {
            "certificate_id": 6153177143025008893,
            "creation_timestamp": "2023-07-03T05:24:50.901-07:00",
            "description": "",
            "expire_time": "2023-10-01T06:42:32.000-07:00",
            "id": "projects/fluttar/global/sslCertificates/serverpod-production-insights-certificate",
            "managed": [
              {
                "domains": [
                  "insights.fluttar.xyz"
                ]
              }
            ],
            "name": "serverpod-production-insights-certificate",
            "project": "fluttar",
            "self_link": "https://www.googleapis.com/compute/v1/projects/fluttar/global/sslCertificates/serverpod-production-insights-certificate",
            "subject_alternative_names": [
              "insights.fluttar.xyz"
            ],
            "timeouts": null,
            "type": "MANAGED"
          },
          "sensitive_attributes": [],
          "private": "eyJlMmJmYjczMC1lY2FhLTExZTYtOGY4OC0zNDM2M2JjN2M0YzAiOnsiY3JlYXRlIjoxODAwMDAwMDAwMDAwLCJkZWxldGUiOjE4MDAwMDAwMDAwMDB9fQ=="
        }
      ]
    },
    {
      "module": "module.serverpod_production",
      "mode": "managed",
      "type": "google_compute_managed_ssl_certificate",
      "name": "storage",
      "provider": "provider[\"registry.terraform.io/hashicorp/google\"]",
      "instances": [
        {
          "index_key": 0,
          "schema_version": 0,
          "attributes": {
            "certificate_id": 6119580268158189821,
            "creation_timestamp": "2023-07-03T05:24:50.898-07:00",
            "description": "",
            "expire_time": "2023-10-01T06:41:47.000-07:00",
            "id": "projects/fluttar/global/sslCertificates/serverpod-production-storage-certificate",
            "managed": [
              {
                "domains": [
                  "storage.fluttar.xyz"
                ]
              }
            ],
            "name": "serverpod-production-storage-certificate",
            "project": "fluttar",
            "self_link": "https://www.googleapis.com/compute/v1/projects/fluttar/global/sslCertificates/serverpod-production-storage-certificate",
            "subject_alternative_names": [
              "storage.fluttar.xyz"
            ],
            "timeouts": null,
            "type": "MANAGED"
          },
          "sensitive_attributes": [],
          "private": "eyJlMmJmYjczMC1lY2FhLTExZTYtOGY4OC0zNDM2M2JjN2M0YzAiOnsiY3JlYXRlIjoxODAwMDAwMDAwMDAwLCJkZWxldGUiOjE4MDAwMDAwMDAwMDB9fQ=="
        }
      ]
    },
    {
      "module": "module.serverpod_production",
      "mode": "managed",
      "type": "google_compute_managed_ssl_certificate",
      "name": "web",
      "provider": "provider[\"registry.terraform.io/hashicorp/google\"]",
      "instances": [
        {
          "schema_version": 0,
          "attributes": {
            "certificate_id": 2194757213687316733,
            "creation_timestamp": "2023-07-03T05:24:50.900-07:00",
            "description": "",
            "expire_time": "2023-10-01T06:41:46.000-07:00",
            "id": "projects/fluttar/global/sslCertificates/serverpod-production-web-certificate",
            "managed": [
              {
                "domains": [
                  "app.fluttar.xyz"
                ]
              }
            ],
            "name": "serverpod-production-web-certificate",
            "project": "fluttar",
            "self_link": "https://www.googleapis.com/compute/v1/projects/fluttar/global/sslCertificates/serverpod-production-web-certificate",
            "subject_alternative_names": [
              "app.fluttar.xyz"
            ],
            "timeouts": null,
            "type": "MANAGED"
          },
          "sensitive_attributes": [],
          "private": "eyJlMmJmYjczMC1lY2FhLTExZTYtOGY4OC0zNDM2M2JjN2M0YzAiOnsiY3JlYXRlIjoxODAwMDAwMDAwMDAwLCJkZWxldGUiOjE4MDAwMDAwMDAwMDB9fQ=="
        }
      ]
    },
    {
      "module": "module.serverpod_production",
      "mode": "managed",
      "type": "google_compute_network",
      "name": "serverpod",
      "provider": "provider[\"registry.terraform.io/hashicorp/google\"]",
      "instances": [
        {
          "schema_version": 0,
          "attributes": {
            "auto_create_subnetworks": true,
            "delete_default_routes_on_create": false,
            "description": "",
            "enable_ula_internal_ipv6": false,
            "gateway_ipv4": "",
            "id": "projects/fluttar/global/networks/serverpod-production-network",
            "internal_ipv6_range": "",
            "mtu": 0,
            "name": "serverpod-production-network",
            "project": "fluttar",
            "routing_mode": "REGIONAL",
            "self_link": "https://www.googleapis.com/compute/v1/projects/fluttar/global/networks/serverpod-production-network",
            "timeouts": null
          },
          "sensitive_attributes": [],
          "private": "eyJlMmJmYjczMC1lY2FhLTExZTYtOGY4OC0zNDM2M2JjN2M0YzAiOnsiY3JlYXRlIjoxMjAwMDAwMDAwMDAwLCJkZWxldGUiOjEyMDAwMDAwMDAwMDAsInVwZGF0ZSI6MTIwMDAwMDAwMDAwMH19"
        }
      ]
    },
    {
      "module": "module.serverpod_production",
      "mode": "managed",
      "type": "google_compute_target_https_proxy",
      "name": "api",
      "provider": "provider[\"registry.terraform.io/hashicorp/google\"]",
      "instances": [
        {
          "schema_version": 0,
          "attributes": {
            "certificate_map": "",
            "creation_timestamp": "2023-07-03T06:58:10.180-07:00",
            "description": "",
            "id": "projects/fluttar/global/targetHttpsProxies/serverpod-production-proxy-api",
            "name": "serverpod-production-proxy-api",
            "project": "fluttar",
            "proxy_bind": false,
            "proxy_id": 1161192042782485789,
            "quic_override": "NONE",
            "self_link": "https://www.googleapis.com/compute/v1/projects/fluttar/global/targetHttpsProxies/serverpod-production-proxy-api",
            "ssl_certificates": [
              "https://www.googleapis.com/compute/v1/projects/fluttar/global/sslCertificates/serverpod-production-api-certificate"
            ],
            "ssl_policy": "",
            "timeouts": null,
            "url_map": "https://www.googleapis.com/compute/v1/projects/fluttar/global/urlMaps/serverpod-production-balancer"
          },
          "sensitive_attributes": [],
          "private": "eyJlMmJmYjczMC1lY2FhLTExZTYtOGY4OC0zNDM2M2JjN2M0YzAiOnsiY3JlYXRlIjoxMjAwMDAwMDAwMDAwLCJkZWxldGUiOjEyMDAwMDAwMDAwMDAsInVwZGF0ZSI6MTIwMDAwMDAwMDAwMH19",
          "dependencies": [
            "module.serverpod_production.google_compute_backend_bucket.storage",
            "module.serverpod_production.google_compute_backend_service.api",
            "module.serverpod_production.google_compute_backend_service.insights",
            "module.serverpod_production.google_compute_backend_service.web",
            "module.serverpod_production.google_compute_health_check.serverpod-balancer",
            "module.serverpod_production.google_compute_health_check.serverpod-instance-group",
            "module.serverpod_production.google_compute_instance_group_manager.serverpod",
            "module.serverpod_production.google_compute_instance_template.serverpod",
            "module.serverpod_production.google_compute_managed_ssl_certificate.api",
            "module.serverpod_production.google_compute_network.serverpod",
            "module.serverpod_production.google_compute_url_map.serverpod",
            "module.serverpod_production.google_storage_bucket.public"
          ]
        }
      ]
    },
    {
      "module": "module.serverpod_production",
      "mode": "managed",
      "type": "google_compute_target_https_proxy",
      "name": "insights",
      "provider": "provider[\"registry.terraform.io/hashicorp/google\"]",
      "instances": [
        {
          "schema_version": 0,
          "attributes": {
            "certificate_map": "",
            "creation_timestamp": "2023-07-03T06:58:10.416-07:00",
            "description": "",
            "id": "projects/fluttar/global/targetHttpsProxies/serverpod-production-proxy-insights",
            "name": "serverpod-production-proxy-insights",
            "project": "fluttar",
            "proxy_bind": false,
            "proxy_id": 3706100396344700189,
            "quic_override": "NONE",
            "self_link": "https://www.googleapis.com/compute/v1/projects/fluttar/global/targetHttpsProxies/serverpod-production-proxy-insights",
            "ssl_certificates": [
              "https://www.googleapis.com/compute/v1/projects/fluttar/global/sslCertificates/serverpod-production-insights-certificate"
            ],
            "ssl_policy": "",
            "timeouts": null,
            "url_map": "https://www.googleapis.com/compute/v1/projects/fluttar/global/urlMaps/serverpod-production-balancer"
          },
          "sensitive_attributes": [],
          "private": "eyJlMmJmYjczMC1lY2FhLTExZTYtOGY4OC0zNDM2M2JjN2M0YzAiOnsiY3JlYXRlIjoxMjAwMDAwMDAwMDAwLCJkZWxldGUiOjEyMDAwMDAwMDAwMDAsInVwZGF0ZSI6MTIwMDAwMDAwMDAwMH19",
          "dependencies": [
            "module.serverpod_production.google_compute_backend_bucket.storage",
            "module.serverpod_production.google_compute_backend_service.api",
            "module.serverpod_production.google_compute_backend_service.insights",
            "module.serverpod_production.google_compute_backend_service.web",
            "module.serverpod_production.google_compute_health_check.serverpod-balancer",
            "module.serverpod_production.google_compute_health_check.serverpod-instance-group",
            "module.serverpod_production.google_compute_instance_group_manager.serverpod",
            "module.serverpod_production.google_compute_instance_template.serverpod",
            "module.serverpod_production.google_compute_managed_ssl_certificate.insights",
            "module.serverpod_production.google_compute_network.serverpod",
            "module.serverpod_production.google_compute_url_map.serverpod",
            "module.serverpod_production.google_storage_bucket.public"
          ]
        }
      ]
    },
    {
      "module": "module.serverpod_production",
      "mode": "managed",
      "type": "google_compute_target_https_proxy",
      "name": "storage",
      "provider": "provider[\"registry.terraform.io/hashicorp/google\"]",
      "instances": [
        {
          "index_key": 0,
          "schema_version": 0,
          "attributes": {
            "certificate_map": "",
            "creation_timestamp": "2023-07-03T06:58:11.463-07:00",
            "description": "",
            "id": "projects/fluttar/global/targetHttpsProxies/serverpod-production-proxy-storage",
            "name": "serverpod-production-proxy-storage",
            "project": "fluttar",
            "proxy_bind": false,
            "proxy_id": 252546154595577116,
            "quic_override": "NONE",
            "self_link": "https://www.googleapis.com/compute/v1/projects/fluttar/global/targetHttpsProxies/serverpod-production-proxy-storage",
            "ssl_certificates": [
              "https://www.googleapis.com/compute/v1/projects/fluttar/global/sslCertificates/serverpod-production-storage-certificate"
            ],
            "ssl_policy": "",
            "timeouts": null,
            "url_map": "https://www.googleapis.com/compute/v1/projects/fluttar/global/urlMaps/serverpod-production-balancer"
          },
          "sensitive_attributes": [],
          "private": "eyJlMmJmYjczMC1lY2FhLTExZTYtOGY4OC0zNDM2M2JjN2M0YzAiOnsiY3JlYXRlIjoxMjAwMDAwMDAwMDAwLCJkZWxldGUiOjEyMDAwMDAwMDAwMDAsInVwZGF0ZSI6MTIwMDAwMDAwMDAwMH19",
          "dependencies": [
            "module.serverpod_production.google_compute_backend_bucket.storage",
            "module.serverpod_production.google_compute_backend_service.api",
            "module.serverpod_production.google_compute_backend_service.insights",
            "module.serverpod_production.google_compute_backend_service.web",
            "module.serverpod_production.google_compute_health_check.serverpod-balancer",
            "module.serverpod_production.google_compute_health_check.serverpod-instance-group",
            "module.serverpod_production.google_compute_instance_group_manager.serverpod",
            "module.serverpod_production.google_compute_instance_template.serverpod",
            "module.serverpod_production.google_compute_managed_ssl_certificate.storage",
            "module.serverpod_production.google_compute_network.serverpod",
            "module.serverpod_production.google_compute_url_map.serverpod",
            "module.serverpod_production.google_storage_bucket.public"
          ]
        }
      ]
    },
    {
      "module": "module.serverpod_production",
      "mode": "managed",
      "type": "google_compute_target_https_proxy",
      "name": "web",
      "provider": "provider[\"registry.terraform.io/hashicorp/google\"]",
      "instances": [
        {
          "schema_version": 0,
          "attributes": {
            "certificate_map": "",
            "creation_timestamp": "2023-07-03T06:58:11.290-07:00",
            "description": "",
            "id": "projects/fluttar/global/targetHttpsProxies/serverpod-production-proxy-web",
            "name": "serverpod-production-proxy-web",
            "project": "fluttar",
            "proxy_bind": false,
            "proxy_id": 2948410831811865884,
            "quic_override": "NONE",
            "self_link": "https://www.googleapis.com/compute/v1/projects/fluttar/global/targetHttpsProxies/serverpod-production-proxy-web",
            "ssl_certificates": [
              "https://www.googleapis.com/compute/v1/projects/fluttar/global/sslCertificates/serverpod-production-web-certificate"
            ],
            "ssl_policy": "",
            "timeouts": null,
            "url_map": "https://www.googleapis.com/compute/v1/projects/fluttar/global/urlMaps/serverpod-production-balancer"
          },
          "sensitive_attributes": [],
          "private": "eyJlMmJmYjczMC1lY2FhLTExZTYtOGY4OC0zNDM2M2JjN2M0YzAiOnsiY3JlYXRlIjoxMjAwMDAwMDAwMDAwLCJkZWxldGUiOjEyMDAwMDAwMDAwMDAsInVwZGF0ZSI6MTIwMDAwMDAwMDAwMH19",
          "dependencies": [
            "module.serverpod_production.google_compute_backend_bucket.storage",
            "module.serverpod_production.google_compute_backend_service.api",
            "module.serverpod_production.google_compute_backend_service.insights",
            "module.serverpod_production.google_compute_backend_service.web",
            "module.serverpod_production.google_compute_health_check.serverpod-balancer",
            "module.serverpod_production.google_compute_health_check.serverpod-instance-group",
            "module.serverpod_production.google_compute_instance_group_manager.serverpod",
            "module.serverpod_production.google_compute_instance_template.serverpod",
            "module.serverpod_production.google_compute_managed_ssl_certificate.web",
            "module.serverpod_production.google_compute_managed_ssl_certificate.web-top-domain",
            "module.serverpod_production.google_compute_network.serverpod",
            "module.serverpod_production.google_compute_url_map.serverpod",
            "module.serverpod_production.google_storage_bucket.public"
          ]
        }
      ]
    },
    {
      "module": "module.serverpod_production",
      "mode": "managed",
      "type": "google_compute_url_map",
      "name": "serverpod",
      "provider": "provider[\"registry.terraform.io/hashicorp/google\"]",
      "instances": [
        {
          "schema_version": 0,
          "attributes": {
            "creation_timestamp": "2023-07-03T06:57:58.253-07:00",
            "default_route_action": [],
            "default_service": "https://www.googleapis.com/compute/v1/projects/fluttar/global/backendServices/serverpod-production-backend-web",
            "default_url_redirect": [],
            "description": "",
            "fingerprint": "JPFrTtpMmoA=",
            "header_action": [],
            "host_rule": [
              {
                "description": "",
                "hosts": [
                  "api.fluttar.xyz"
                ],
                "path_matcher": "api"
              },
              {
                "description": "",
                "hosts": [
                  "insights.fluttar.xyz"
                ],
                "path_matcher": "insights"
              },
              {
                "description": "",
                "hosts": [
                  "storage.fluttar.xyz"
                ],
                "path_matcher": "storage"
              }
            ],
            "id": "projects/fluttar/global/urlMaps/serverpod-production-balancer",
            "map_id": 6443971322594684169,
            "name": "serverpod-production-balancer",
            "path_matcher": [
              {
                "default_route_action": [],
                "default_service": "https://www.googleapis.com/compute/v1/projects/fluttar/global/backendServices/serverpod-production-backend-api",
                "default_url_redirect": [],
                "description": "",
                "header_action": [],
                "name": "api",
                "path_rule": [],
                "route_rules": []
              },
              {
                "default_route_action": [],
                "default_service": "https://www.googleapis.com/compute/v1/projects/fluttar/global/backendServices/serverpod-production-backend-insights",
                "default_url_redirect": [],
                "description": "",
                "header_action": [],
                "name": "insights",
                "path_rule": [],
                "route_rules": []
              },
              {
                "default_route_action": [],
                "default_service": "https://www.googleapis.com/compute/v1/projects/fluttar/global/backendBuckets/serverpod-production-backend-storage",
                "default_url_redirect": [],
                "description": "",
                "header_action": [],
                "name": "storage",
                "path_rule": [],
                "route_rules": []
              }
            ],
            "project": "fluttar",
            "self_link": "https://www.googleapis.com/compute/v1/projects/fluttar/global/urlMaps/serverpod-production-balancer",
            "test": [],
            "timeouts": null
          },
          "sensitive_attributes": [],
          "private": "eyJlMmJmYjczMC1lY2FhLTExZTYtOGY4OC0zNDM2M2JjN2M0YzAiOnsiY3JlYXRlIjoxMjAwMDAwMDAwMDAwLCJkZWxldGUiOjEyMDAwMDAwMDAwMDAsInVwZGF0ZSI6MTIwMDAwMDAwMDAwMH19",
          "dependencies": [
            "module.serverpod_production.google_compute_backend_bucket.storage",
            "module.serverpod_production.google_compute_backend_service.api",
            "module.serverpod_production.google_compute_backend_service.insights",
            "module.serverpod_production.google_compute_backend_service.web",
            "module.serverpod_production.google_compute_health_check.serverpod-balancer",
            "module.serverpod_production.google_compute_health_check.serverpod-instance-group",
            "module.serverpod_production.google_compute_instance_group_manager.serverpod",
            "module.serverpod_production.google_compute_instance_template.serverpod",
            "module.serverpod_production.google_compute_network.serverpod",
            "module.serverpod_production.google_storage_bucket.public"
          ]
        }
      ]
    },
    {
      "module": "module.serverpod_production",
      "mode": "managed",
      "type": "google_dns_managed_zone",
      "name": "private-dns",
      "provider": "provider[\"registry.terraform.io/hashicorp/google\"]",
      "instances": [
        {
          "schema_version": 0,
          "attributes": {
            "cloud_logging_config": [
              {
                "enable_logging": false
              }
            ],
            "creation_time": "2023-07-03T12:51:44.826Z",
            "description": "Managed by Terraform",
            "dns_name": "private-production.fluttar.xyz.",
            "dnssec_config": [],
            "force_destroy": false,
            "forwarding_config": [],
            "id": "projects/fluttar/managedZones/serverpod-production-private",
            "labels": {},
            "managed_zone_id": 7075260865169469123,
            "name": "serverpod-production-private",
            "name_servers": [
              "ns-gcp-private.googledomains.com."
            ],
            "peering_config": [],
            "private_visibility_config": [
              {
                "gke_clusters": [],
                "networks": [
                  {
                    "network_url": "https://www.googleapis.com/compute/v1/projects/fluttar/global/networks/serverpod-production-network"
                  }
                ]
              }
            ],
            "project": "fluttar",
            "timeouts": null,
            "visibility": "private"
          },
          "sensitive_attributes": [],
          "private": "eyJlMmJmYjczMC1lY2FhLTExZTYtOGY4OC0zNDM2M2JjN2M0YzAiOnsiY3JlYXRlIjoxMjAwMDAwMDAwMDAwLCJkZWxldGUiOjEyMDAwMDAwMDAwMDAsInVwZGF0ZSI6MTIwMDAwMDAwMDAwMH19",
          "dependencies": [
            "module.serverpod_production.google_compute_network.serverpod"
          ]
        }
      ]
    },
    {
      "module": "module.serverpod_production",
      "mode": "managed",
      "type": "google_dns_record_set",
      "name": "api",
      "provider": "provider[\"registry.terraform.io/hashicorp/google\"]",
      "instances": [
        {
          "schema_version": 0,
          "attributes": {
            "id": "projects/fluttar/managedZones/fluttar-xyz/rrsets/api.fluttar.xyz./A",
            "managed_zone": "fluttar-xyz",
            "name": "api.fluttar.xyz.",
            "project": "fluttar",
            "routing_policy": [],
            "rrdatas": [
              "34.111.251.252"
            ],
            "ttl": 60,
            "type": "A"
          },
          "sensitive_attributes": [],
          "private": "bnVsbA==",
          "dependencies": [
            "module.serverpod_production.google_compute_backend_bucket.storage",
            "module.serverpod_production.google_compute_backend_service.api",
            "module.serverpod_production.google_compute_backend_service.insights",
            "module.serverpod_production.google_compute_backend_service.web",
            "module.serverpod_production.google_compute_global_forwarding_rule.api",
            "module.serverpod_production.google_compute_health_check.serverpod-balancer",
            "module.serverpod_production.google_compute_health_check.serverpod-instance-group",
            "module.serverpod_production.google_compute_instance_group_manager.serverpod",
            "module.serverpod_production.google_compute_instance_template.serverpod",
            "module.serverpod_production.google_compute_managed_ssl_certificate.api",
            "module.serverpod_production.google_compute_network.serverpod",
            "module.serverpod_production.google_compute_target_https_proxy.api",
            "module.serverpod_production.google_compute_url_map.serverpod",
            "module.serverpod_production.google_storage_bucket.public"
          ]
        }
      ]
    },
    {
      "module": "module.serverpod_production",
      "mode": "managed",
      "type": "google_dns_record_set",
      "name": "database",
      "provider": "provider[\"registry.terraform.io/hashicorp/google\"]",
      "instances": [
        {
          "schema_version": 0,
          "attributes": {
            "id": "projects/fluttar/managedZones/fluttar-xyz/rrsets/database.fluttar.xyz./A",
            "managed_zone": "fluttar-xyz",
            "name": "database.fluttar.xyz.",
            "project": "fluttar",
            "routing_policy": [],
            "rrdatas": [
              "34.107.69.72"
            ],
            "ttl": 60,
            "type": "A"
          },
          "sensitive_attributes": [],
          "private": "bnVsbA==",
          "dependencies": [
            "module.serverpod_production.google_compute_global_address.private-ip",
            "module.serverpod_production.google_compute_network.serverpod",
            "module.serverpod_production.google_service_networking_connection.private-vpc-connection",
            "module.serverpod_production.google_sql_database_instance.serverpod"
          ]
        }
      ]
    },
    {
      "module": "module.serverpod_production",
      "mode": "managed",
      "type": "google_dns_record_set",
      "name": "database-private",
      "provider": "provider[\"registry.terraform.io/hashicorp/google\"]",
      "instances": [
        {
          "schema_version": 0,
          "attributes": {
            "id": "projects/fluttar/managedZones/serverpod-production-private/rrsets/database.private-production.fluttar.xyz./A",
            "managed_zone": "serverpod-production-private",
            "name": "database.private-production.fluttar.xyz.",
            "project": "fluttar",
            "routing_policy": [],
            "rrdatas": [
              "10.44.0.3"
            ],
            "ttl": 60,
            "type": "A"
          },
          "sensitive_attributes": [],
          "private": "bnVsbA==",
          "dependencies": [
            "module.serverpod_production.google_compute_global_address.private-ip",
            "module.serverpod_production.google_compute_network.serverpod",
            "module.serverpod_production.google_service_networking_connection.private-vpc-connection",
            "module.serverpod_production.google_sql_database_instance.serverpod"
          ]
        }
      ]
    },
    {
      "module": "module.serverpod_production",
      "mode": "managed",
      "type": "google_dns_record_set",
      "name": "insights",
      "provider": "provider[\"registry.terraform.io/hashicorp/google\"]",
      "instances": [
        {
          "schema_version": 0,
          "attributes": {
            "id": "projects/fluttar/managedZones/fluttar-xyz/rrsets/insights.fluttar.xyz./A",
            "managed_zone": "fluttar-xyz",
            "name": "insights.fluttar.xyz.",
            "project": "fluttar",
            "routing_policy": [],
            "rrdatas": [
              "35.241.32.165"
            ],
            "ttl": 60,
            "type": "A"
          },
          "sensitive_attributes": [],
          "private": "bnVsbA==",
          "dependencies": [
            "module.serverpod_production.google_compute_backend_bucket.storage",
            "module.serverpod_production.google_compute_backend_service.api",
            "module.serverpod_production.google_compute_backend_service.insights",
            "module.serverpod_production.google_compute_backend_service.web",
            "module.serverpod_production.google_compute_global_forwarding_rule.insights",
            "module.serverpod_production.google_compute_health_check.serverpod-balancer",
            "module.serverpod_production.google_compute_health_check.serverpod-instance-group",
            "module.serverpod_production.google_compute_instance_group_manager.serverpod",
            "module.serverpod_production.google_compute_instance_template.serverpod",
            "module.serverpod_production.google_compute_managed_ssl_certificate.insights",
            "module.serverpod_production.google_compute_network.serverpod",
            "module.serverpod_production.google_compute_target_https_proxy.insights",
            "module.serverpod_production.google_compute_url_map.serverpod",
            "module.serverpod_production.google_storage_bucket.public"
          ]
        }
      ]
    },
    {
      "module": "module.serverpod_production",
      "mode": "managed",
      "type": "google_dns_record_set",
      "name": "storage",
      "provider": "provider[\"registry.terraform.io/hashicorp/google\"]",
      "instances": [
        {
          "index_key": 0,
          "schema_version": 0,
          "attributes": {
            "id": "projects/fluttar/managedZones/fluttar-xyz/rrsets/storage.fluttar.xyz./A",
            "managed_zone": "fluttar-xyz",
            "name": "storage.fluttar.xyz.",
            "project": "fluttar",
            "routing_policy": [],
            "rrdatas": [
              "34.36.69.173"
            ],
            "ttl": 60,
            "type": "A"
          },
          "sensitive_attributes": [],
          "private": "bnVsbA==",
          "dependencies": [
            "module.serverpod_production.google_compute_backend_bucket.storage",
            "module.serverpod_production.google_compute_backend_service.api",
            "module.serverpod_production.google_compute_backend_service.insights",
            "module.serverpod_production.google_compute_backend_service.web",
            "module.serverpod_production.google_compute_global_forwarding_rule.storage",
            "module.serverpod_production.google_compute_health_check.serverpod-balancer",
            "module.serverpod_production.google_compute_health_check.serverpod-instance-group",
            "module.serverpod_production.google_compute_instance_group_manager.serverpod",
            "module.serverpod_production.google_compute_instance_template.serverpod",
            "module.serverpod_production.google_compute_managed_ssl_certificate.storage",
            "module.serverpod_production.google_compute_network.serverpod",
            "module.serverpod_production.google_compute_target_https_proxy.storage",
            "module.serverpod_production.google_compute_url_map.serverpod",
            "module.serverpod_production.google_storage_bucket.public"
          ]
        }
      ]
    },
    {
      "module": "module.serverpod_production",
      "mode": "managed",
      "type": "google_dns_record_set",
      "name": "web",
      "provider": "provider[\"registry.terraform.io/hashicorp/google\"]",
      "instances": [
        {
          "schema_version": 0,
          "attributes": {
            "id": "projects/fluttar/managedZones/fluttar-xyz/rrsets/app.fluttar.xyz./A",
            "managed_zone": "fluttar-xyz",
            "name": "app.fluttar.xyz.",
            "project": "fluttar",
            "routing_policy": [],
            "rrdatas": [
              "34.110.206.136"
            ],
            "ttl": 60,
            "type": "A"
          },
          "sensitive_attributes": [],
          "private": "bnVsbA==",
          "dependencies": [
            "module.serverpod_production.google_compute_backend_bucket.storage",
            "module.serverpod_production.google_compute_backend_service.api",
            "module.serverpod_production.google_compute_backend_service.insights",
            "module.serverpod_production.google_compute_backend_service.web",
            "module.serverpod_production.google_compute_global_forwarding_rule.web",
            "module.serverpod_production.google_compute_health_check.serverpod-balancer",
            "module.serverpod_production.google_compute_health_check.serverpod-instance-group",
            "module.serverpod_production.google_compute_instance_group_manager.serverpod",
            "module.serverpod_production.google_compute_instance_template.serverpod",
            "module.serverpod_production.google_compute_managed_ssl_certificate.web",
            "module.serverpod_production.google_compute_managed_ssl_certificate.web-top-domain",
            "module.serverpod_production.google_compute_network.serverpod",
            "module.serverpod_production.google_compute_target_https_proxy.web",
            "module.serverpod_production.google_compute_url_map.serverpod",
            "module.serverpod_production.google_storage_bucket.public"
          ]
        }
      ]
    },
    {
      "module": "module.serverpod_production",
      "mode": "managed",
      "type": "google_project_service",
      "name": "gcp_services",
      "provider": "provider[\"registry.terraform.io/hashicorp/google\"]",
      "instances": [
        {
          "index_key": 0,
          "schema_version": 0,
          "attributes": {
            "disable_dependent_services": null,
            "disable_on_destroy": false,
            "id": "fluttar/artifactregistry.googleapis.com",
            "project": "fluttar",
            "service": "artifactregistry.googleapis.com",
            "timeouts": null
          },
          "sensitive_attributes": [],
          "private": "eyJlMmJmYjczMC1lY2FhLTExZTYtOGY4OC0zNDM2M2JjN2M0YzAiOnsiY3JlYXRlIjoxMjAwMDAwMDAwMDAwLCJkZWxldGUiOjEyMDAwMDAwMDAwMDAsInJlYWQiOjYwMDAwMDAwMDAwMCwidXBkYXRlIjoxMjAwMDAwMDAwMDAwfX0="
        },
        {
          "index_key": 1,
          "schema_version": 0,
          "attributes": {
            "disable_dependent_services": null,
            "disable_on_destroy": false,
            "id": "fluttar/certificatemanager.googleapis.com",
            "project": "fluttar",
            "service": "certificatemanager.googleapis.com",
            "timeouts": null
          },
          "sensitive_attributes": [],
          "private": "eyJlMmJmYjczMC1lY2FhLTExZTYtOGY4OC0zNDM2M2JjN2M0YzAiOnsiY3JlYXRlIjoxMjAwMDAwMDAwMDAwLCJkZWxldGUiOjEyMDAwMDAwMDAwMDAsInJlYWQiOjYwMDAwMDAwMDAwMCwidXBkYXRlIjoxMjAwMDAwMDAwMDAwfX0="
        },
        {
          "index_key": 2,
          "schema_version": 0,
          "attributes": {
            "disable_dependent_services": null,
            "disable_on_destroy": false,
            "id": "fluttar/dns.googleapis.com",
            "project": "fluttar",
            "service": "dns.googleapis.com",
            "timeouts": null
          },
          "sensitive_attributes": [],
          "private": "eyJlMmJmYjczMC1lY2FhLTExZTYtOGY4OC0zNDM2M2JjN2M0YzAiOnsiY3JlYXRlIjoxMjAwMDAwMDAwMDAwLCJkZWxldGUiOjEyMDAwMDAwMDAwMDAsInJlYWQiOjYwMDAwMDAwMDAwMCwidXBkYXRlIjoxMjAwMDAwMDAwMDAwfX0="
        },
        {
          "index_key": 3,
          "schema_version": 0,
          "attributes": {
            "disable_dependent_services": null,
            "disable_on_destroy": false,
            "id": "fluttar/cloudresourcemanager.googleapis.com",
            "project": "fluttar",
            "service": "cloudresourcemanager.googleapis.com",
            "timeouts": null
          },
          "sensitive_attributes": [],
          "private": "eyJlMmJmYjczMC1lY2FhLTExZTYtOGY4OC0zNDM2M2JjN2M0YzAiOnsiY3JlYXRlIjoxMjAwMDAwMDAwMDAwLCJkZWxldGUiOjEyMDAwMDAwMDAwMDAsInJlYWQiOjYwMDAwMDAwMDAwMCwidXBkYXRlIjoxMjAwMDAwMDAwMDAwfX0="
        },
        {
          "index_key": 4,
          "schema_version": 0,
          "attributes": {
            "disable_dependent_services": null,
            "disable_on_destroy": false,
            "id": "fluttar/compute.googleapis.com",
            "project": "fluttar",
            "service": "compute.googleapis.com",
            "timeouts": null
          },
          "sensitive_attributes": [],
          "private": "eyJlMmJmYjczMC1lY2FhLTExZTYtOGY4OC0zNDM2M2JjN2M0YzAiOnsiY3JlYXRlIjoxMjAwMDAwMDAwMDAwLCJkZWxldGUiOjEyMDAwMDAwMDAwMDAsInJlYWQiOjYwMDAwMDAwMDAwMCwidXBkYXRlIjoxMjAwMDAwMDAwMDAwfX0="
        },
        {
          "index_key": 5,
          "schema_version": 0,
          "attributes": {
            "disable_dependent_services": null,
            "disable_on_destroy": false,
            "id": "fluttar/servicenetworking.googleapis.com",
            "project": "fluttar",
            "service": "servicenetworking.googleapis.com",
            "timeouts": null
          },
          "sensitive_attributes": [],
          "private": "eyJlMmJmYjczMC1lY2FhLTExZTYtOGY4OC0zNDM2M2JjN2M0YzAiOnsiY3JlYXRlIjoxMjAwMDAwMDAwMDAwLCJkZWxldGUiOjEyMDAwMDAwMDAwMDAsInJlYWQiOjYwMDAwMDAwMDAwMCwidXBkYXRlIjoxMjAwMDAwMDAwMDAwfX0="
        },
        {
          "index_key": 6,
          "schema_version": 0,
          "attributes": {
            "disable_dependent_services": null,
            "disable_on_destroy": false,
            "id": "fluttar/sqladmin.googleapis.com",
            "project": "fluttar",
            "service": "sqladmin.googleapis.com",
            "timeouts": null
          },
          "sensitive_attributes": [],
          "private": "eyJlMmJmYjczMC1lY2FhLTExZTYtOGY4OC0zNDM2M2JjN2M0YzAiOnsiY3JlYXRlIjoxMjAwMDAwMDAwMDAwLCJkZWxldGUiOjEyMDAwMDAwMDAwMDAsInJlYWQiOjYwMDAwMDAwMDAwMCwidXBkYXRlIjoxMjAwMDAwMDAwMDAwfX0="
        }
      ]
    },
    {
      "module": "module.serverpod_production",
      "mode": "managed",
      "type": "google_service_networking_connection",
      "name": "private-vpc-connection",
      "provider": "provider[\"registry.terraform.io/hashicorp/google\"]",
      "instances": [
        {
          "schema_version": 0,
          "attributes": {
            "id": "projects%2Ffluttar%2Fglobal%2Fnetworks%2Fserverpod-production-network:servicenetworking.googleapis.com",
            "network": "projects/fluttar/global/networks/serverpod-production-network",
            "peering": "servicenetworking-googleapis-com",
            "reserved_peering_ranges": [
              "serverpod-production-private-ip"
            ],
            "service": "servicenetworking.googleapis.com",
            "timeouts": null
          },
          "sensitive_attributes": [],
          "private": "eyJlMmJmYjczMC1lY2FhLTExZTYtOGY4OC0zNDM2M2JjN2M0YzAiOnsiY3JlYXRlIjo2MDAwMDAwMDAwMDAsImRlbGV0ZSI6NjAwMDAwMDAwMDAwLCJ1cGRhdGUiOjYwMDAwMDAwMDAwMH19",
          "dependencies": [
            "module.serverpod_production.google_compute_global_address.private-ip",
            "module.serverpod_production.google_compute_network.serverpod"
          ]
        }
      ]
    },
    {
      "module": "module.serverpod_production",
      "mode": "managed",
      "type": "google_sql_database",
      "name": "serverpod",
      "provider": "provider[\"registry.terraform.io/hashicorp/google\"]",
      "instances": [
        {
          "schema_version": 0,
          "attributes": {
            "charset": "UTF8",
            "collation": "en_US.UTF8",
            "deletion_policy": "DELETE",
            "id": "projects/fluttar/instances/serverpod-production-database/databases/serverpod",
            "instance": "serverpod-production-database",
            "name": "serverpod",
            "project": "fluttar",
            "self_link": "https://sqladmin.googleapis.com/sql/v1beta4/projects/fluttar/instances/serverpod-production-database/databases/serverpod",
            "timeouts": null
          },
          "sensitive_attributes": [],
          "private": "eyJlMmJmYjczMC1lY2FhLTExZTYtOGY4OC0zNDM2M2JjN2M0YzAiOnsiY3JlYXRlIjoxMjAwMDAwMDAwMDAwLCJkZWxldGUiOjEyMDAwMDAwMDAwMDAsInVwZGF0ZSI6MTIwMDAwMDAwMDAwMH19",
          "dependencies": [
            "module.serverpod_production.google_compute_global_address.private-ip",
            "module.serverpod_production.google_compute_network.serverpod",
            "module.serverpod_production.google_service_networking_connection.private-vpc-connection",
            "module.serverpod_production.google_sql_database_instance.serverpod"
          ]
        }
      ]
    },
    {
      "module": "module.serverpod_production",
      "mode": "managed",
      "type": "google_sql_database_instance",
      "name": "serverpod",
      "provider": "provider[\"registry.terraform.io/hashicorp/google\"]",
      "instances": [
        {
          "schema_version": 0,
          "attributes": {
            "available_maintenance_versions": [],
            "clone": [],
            "connection_name": "fluttar:europe-west3:serverpod-production-database",
            "database_version": "POSTGRES_14",
            "deletion_protection": true,
            "encryption_key_name": null,
            "first_ip_address": "34.107.69.72",
            "id": "serverpod-production-database",
            "instance_type": "CLOUD_SQL_INSTANCE",
            "ip_address": [
              {
                "ip_address": "34.107.69.72",
                "time_to_retire": "",
                "type": "PRIMARY"
              },
              {
                "ip_address": "34.159.245.47",
                "time_to_retire": "",
                "type": "OUTGOING"
              },
              {
                "ip_address": "10.44.0.3",
                "time_to_retire": "",
                "type": "PRIVATE"
              }
            ],
            "maintenance_version": "POSTGRES_14_7.R20230530.01_04",
            "master_instance_name": "",
            "name": "serverpod-production-database",
            "private_ip_address": "10.44.0.3",
            "project": "fluttar",
            "public_ip_address": "34.107.69.72",
            "region": "europe-west3",
            "replica_configuration": [],
            "restore_backup_context": [],
            "root_password": null,
            "self_link": "https://sqladmin.googleapis.com/sql/v1beta4/projects/fluttar/instances/serverpod-production-database",
            "server_ca_cert": [
              {
                "cert": "-----BEGIN CERTIFICATE-----\nMIIDfzCCAmegAwIBAgIBADANBgkqhkiG9w0BAQsFADB3MS0wKwYDVQQuEyRjMWQw\nNTNiNS0wYjY4LTQxMzItYTNiZC05OGE1NmQyNTY5ZGIxIzAhBgNVBAMTGkdvb2ds\nZSBDbG91ZCBTUUwgU2VydmVyIENBMRQwEgYDVQQKEwtHb29nbGUsIEluYzELMAkG\nA1UEBhMCVVMwHhcNMjMwNzAzMTI1NTUwWhcNMzMwNjMwMTI1NjUwWjB3MS0wKwYD\nVQQuEyRjMWQwNTNiNS0wYjY4LTQxMzItYTNiZC05OGE1NmQyNTY5ZGIxIzAhBgNV\nBAMTGkdvb2dsZSBDbG91ZCBTUUwgU2VydmVyIENBMRQwEgYDVQQKEwtHb29nbGUs\nIEluYzELMAkGA1UEBhMCVVMwggEiMA0GCSqGSIb3DQEBAQUAA4IBDwAwggEKAoIB\nAQCDcuH0p3l9QJFECRAzcS6BgqSlGGTkf5Fg9BV7gMaRVFuPCKLCVqOio1CrjzOW\n//WVynmWuBdXGWrANR9qCvbddNIJKcCKfV9Z+D3KlCAl7qfJbFa/EPh2QYdOeciO\nA5fUcArRw84VhI8t9GVUpX8PkcfxF94QTY2JcdeFqrH1jZS7QpJCqYCZd2ceFmKx\nPlkrf1BTUz4NmJtEaX+y3q8XlEGlqmGsxsoOaaPJNXa7qV31oB1giBc6m0se6xyz\nUyHwqycnYgdtz7f1HSvL1aWKZx//9ZOb0lPElho+Nb1NuMBEK5Usqmm1MD9t0nLJ\n4U6nT08HyAQolcHwDkOofAsXAgMBAAGjFjAUMBIGA1UdEwEB/wQIMAYBAf8CAQAw\nDQYJKoZIhvcNAQELBQADggEBADfdT7dOwMzOVsKbgZjIeee1XxdUEucDOyGDSZa8\n2pTdx8zmOFAPlTJkt2ufY/eIQNlQ3oZNCT0oMwpjSClBVZT5fNAv9AdvMh7LoDPy\nlH0/B3LNG776IeeTzRXj7Hmj10tKl31dbjj5jFvxNkleGG7x9jiJ9Qs2py4KX1Ch\nsg7KRJImbUNgdXGwZsOBSBJV8LGJoYGeq5BqV5Zu3jKtlPYIFCQRse8fp+ldynhd\nu/Rtf7RvL60ovCZGpGBaALblRFxqpM22ne537b+RGandMa6vUW9CwLQbP5O/J8pL\n5kjVibYdy5NfFy69yFIYx+stX9VvKxR90g7i36Yof7UUZ/0=\n-----END CERTIFICATE-----",
                "common_name": "C=US,O=Google\\, Inc,CN=Google Cloud SQL Server CA,dnQualifier=c1d053b5-0b68-4132-a3bd-98a56d2569db",
                "create_time": "2023-07-03T12:55:50.783Z",
                "expiration_time": "2033-06-30T12:56:50.783Z",
                "sha1_fingerprint": "dfb142ab3deb3ad3738b000e092f7377fae3387d"
              }
            ],
            "service_account_email_address": "p714824166052-zq4lhd@gcp-sa-cloud-sql.iam.gserviceaccount.com",
            "settings": [
              {
                "activation_policy": "ALWAYS",
                "active_directory_config": [],
                "availability_type": "ZONAL",
                "backup_configuration": [
                  {
                    "backup_retention_settings": [
                      {
                        "retained_backups": 7,
                        "retention_unit": "COUNT"
                      }
                    ],
                    "binary_log_enabled": false,
                    "enabled": true,
                    "location": "",
                    "point_in_time_recovery_enabled": false,
                    "start_time": "11:00",
                    "transaction_log_retention_days": 7
                  }
                ],
                "collation": "",
                "connector_enforcement": "NOT_REQUIRED",
                "database_flags": [],
                "deletion_protection_enabled": false,
                "deny_maintenance_period": [],
                "disk_autoresize": true,
                "disk_autoresize_limit": 0,
                "disk_size": 10,
                "disk_type": "PD_SSD",
                "insights_config": [],
                "ip_configuration": [
                  {
                    "allocated_ip_range": "",
                    "authorized_networks": [],
                    "ipv4_enabled": true,
                    "private_network": "projects/fluttar/global/networks/serverpod-production-network",
                    "require_ssl": false
                  }
                ],
                "location_preference": [
                  {
                    "follow_gae_application": "",
                    "secondary_zone": "",
                    "zone": "europe-west3-a"
                  }
                ],
                "maintenance_window": [],
                "password_validation_policy": [],
                "pricing_plan": "PER_USE",
                "sql_server_audit_config": [],
                "tier": "db-f1-micro",
                "time_zone": "",
                "user_labels": {},
                "version": 7
              }
            ],
            "timeouts": null
          },
          "sensitive_attributes": [],
          "private": "eyJlMmJmYjczMC1lY2FhLTExZTYtOGY4OC0zNDM2M2JjN2M0YzAiOnsiY3JlYXRlIjoyNDAwMDAwMDAwMDAwLCJkZWxldGUiOjE4MDAwMDAwMDAwMDAsInVwZGF0ZSI6MTgwMDAwMDAwMDAwMH19",
          "dependencies": [
            "module.serverpod_production.google_compute_global_address.private-ip",
            "module.serverpod_production.google_compute_network.serverpod",
            "module.serverpod_production.google_service_networking_connection.private-vpc-connection"
          ]
        }
      ]
    },
    {
      "module": "module.serverpod_production",
      "mode": "managed",
      "type": "google_sql_user",
      "name": "serverpod",
      "provider": "provider[\"registry.terraform.io/hashicorp/google\"]",
      "instances": [
        {
          "schema_version": 1,
          "attributes": {
            "deletion_policy": null,
            "host": "",
            "id": "postgres//serverpod-production-database",
            "instance": "serverpod-production-database",
            "name": "postgres",
            "password": "QEy1giWeU-hUL7TpMHAyYhYxEelXF1ec",
            "password_policy": [],
            "project": "fluttar",
            "sql_server_user_details": [],
            "timeouts": null,
            "type": ""
          },
          "sensitive_attributes": [],
          "private": "eyJlMmJmYjczMC1lY2FhLTExZTYtOGY4OC0zNDM2M2JjN2M0YzAiOnsiY3JlYXRlIjo2MDAwMDAwMDAwMDAsImRlbGV0ZSI6NjAwMDAwMDAwMDAwLCJ1cGRhdGUiOjYwMDAwMDAwMDAwMH0sInNjaGVtYV92ZXJzaW9uIjoiMSJ9",
          "dependencies": [
            "module.serverpod_production.google_compute_global_address.private-ip",
            "module.serverpod_production.google_compute_network.serverpod",
            "module.serverpod_production.google_service_networking_connection.private-vpc-connection",
            "module.serverpod_production.google_sql_database_instance.serverpod"
          ]
        }
      ]
    },
    {
      "module": "module.serverpod_production",
      "mode": "managed",
      "type": "google_storage_bucket",
      "name": "private",
      "provider": "provider[\"registry.terraform.io/hashicorp/google\"]",
      "instances": [
        {
          "index_key": 0,
          "schema_version": 0,
          "attributes": {
            "autoclass": [],
            "cors": [
              {
                "max_age_seconds": 3600,
                "method": [
                  "*"
                ],
                "origin": [
                  "*"
                ],
                "response_header": [
                  "*"
                ]
              }
            ],
            "custom_placement_config": [],
            "default_event_based_hold": false,
            "encryption": [],
            "force_destroy": true,
            "id": "private-storage.fluttar.xyz",
            "labels": {},
            "lifecycle_rule": [],
            "location": "US",
            "logging": [],
            "name": "private-storage.fluttar.xyz",
            "project": "fluttar",
            "public_access_prevention": "inherited",
            "requester_pays": false,
            "retention_policy": [],
            "self_link": "https://www.googleapis.com/storage/v1/b/private-storage.fluttar.xyz",
            "storage_class": "STANDARD",
            "timeouts": null,
            "uniform_bucket_level_access": false,
            "url": "gs://private-storage.fluttar.xyz",
            "versioning": [],
            "website": []
          },
          "sensitive_attributes": [],
          "private": "eyJlMmJmYjczMC1lY2FhLTExZTYtOGY4OC0zNDM2M2JjN2M0YzAiOnsiY3JlYXRlIjoyNDAwMDAwMDAwMDAsInJlYWQiOjI0MDAwMDAwMDAwMCwidXBkYXRlIjoyNDAwMDAwMDAwMDB9fQ=="
        }
      ]
    },
    {
      "module": "module.serverpod_production",
      "mode": "managed",
      "type": "google_storage_bucket",
      "name": "public",
      "provider": "provider[\"registry.terraform.io/hashicorp/google\"]",
      "instances": [
        {
          "index_key": 0,
          "schema_version": 0,
          "attributes": {
            "autoclass": [],
            "cors": [
              {
                "max_age_seconds": 3600,
                "method": [
                  "*"
                ],
                "origin": [
                  "*"
                ],
                "response_header": [
                  "*"
                ]
              }
            ],
            "custom_placement_config": [],
            "default_event_based_hold": false,
            "encryption": [],
            "force_destroy": true,
            "id": "storage.fluttar.xyz",
            "labels": {},
            "lifecycle_rule": [],
            "location": "US",
            "logging": [],
            "name": "storage.fluttar.xyz",
            "project": "fluttar",
            "public_access_prevention": "inherited",
            "requester_pays": false,
            "retention_policy": [],
            "self_link": "https://www.googleapis.com/storage/v1/b/storage.fluttar.xyz",
            "storage_class": "STANDARD",
            "timeouts": null,
            "uniform_bucket_level_access": false,
            "url": "gs://storage.fluttar.xyz",
            "versioning": [],
            "website": []
          },
          "sensitive_attributes": [],
          "private": "eyJlMmJmYjczMC1lY2FhLTExZTYtOGY4OC0zNDM2M2JjN2M0YzAiOnsiY3JlYXRlIjoyNDAwMDAwMDAwMDAsInJlYWQiOjI0MDAwMDAwMDAwMCwidXBkYXRlIjoyNDAwMDAwMDAwMDB9fQ=="
        }
      ]
    },
    {
      "module": "module.serverpod_production",
      "mode": "managed",
      "type": "google_storage_bucket_iam_member",
      "name": "public",
      "provider": "provider[\"registry.terraform.io/hashicorp/google\"]",
      "instances": [
        {
          "index_key": 0,
          "schema_version": 0,
          "attributes": {
            "bucket": "b/storage.fluttar.xyz",
            "condition": [],
            "etag": "CAI=",
            "id": "b/storage.fluttar.xyz/roles/storage.legacyObjectReader/allUsers",
            "member": "allUsers",
            "role": "roles/storage.legacyObjectReader"
          },
          "sensitive_attributes": [],
          "private": "bnVsbA==",
          "dependencies": [
            "module.serverpod_production.google_storage_bucket.public"
          ]
        }
      ]
    }
  ],
  "check_results": null
}
